
Microsoft Visual Studio Solution File, Format Version 12.00
# Visual Studio Version 16
VisualStudioVersion = 25.0.1705.4
MinimumVisualStudioVersion = 10.0.40219.1
Project("{FAE04EC0-301F-11D3-BF4B-00C04F79EFBC}") = "Playable", "Playable\Playable.csproj", "{3FCAC8C8-F7BE-4DCF-8715-F582C779EC23}"
EndProject
Global
	GlobalSection(SolutionConfigurationPlatforms) = preSolution
		Debug|Any CPU = Debug|Any CPU
		Release|Any CPU = Release|Any CPU
	EndGlobalSection
	GlobalSection(ProjectConfigurationPlatforms) = postSolution
		{3FCAC8C8-F7BE-4DCF-8715-F582C779EC23}.Debug|Any CPU.ActiveCfg = Debug|Any CPU
		{3FCAC8C8-F7BE-4DCF-8715-F582C779EC23}.Debug|Any CPU.Build.0 = Debug|Any CPU
		{3FCAC8C8-F7BE-4DCF-8715-F582C779EC23}.Release|Any CPU.ActiveCfg = Release|Any CPU
		{3FCAC8C8-F7BE-4DCF-8715-F582C779EC23}.Release|Any CPU.Build.0 = Release|Any CPU
	EndGlobalSection
	GlobalSection(SolutionProperties) = preSolution
		HideSolutionNode = FALSE
	EndGlobalSection
	GlobalSection(ExtensibilityGlobals) = postSolution
		SolutionGuid = {7FBE3663-9898-4465-9797-0522A11E647D}
	EndGlobalSection
EndGlobal
